
Microsoft Visual Studio Solution File, Format Version 12.00
# Visual Studio Version 16
VisualStudioVersion = 16.0.31911.196
MinimumVisualStudioVersion = 10.0.40219.1
Project("{FAE04EC0-301F-11D3-BF4B-00C04F79EFBC}") = "DosTest3", "DosTest3\DosTest3.csproj", "{3AAB75C5-4A85-4C2C-B7AB-72D47F651C5D}"
EndProject
Global
	GlobalSection(SolutionConfigurationPlatforms) = preSolution
		Debug|Any CPU = Debug|Any CPU
		Release|Any CPU = Release|Any CPU
	EndGlobalSection
	GlobalSection(ProjectConfigurationPlatforms) = postSolution
		{3AAB75C5-4A85-4C2C-B7AB-72D47F651C5D}.Debug|Any CPU.ActiveCfg = Debug|Any CPU
		{3AAB75C5-4A85-4C2C-B7AB-72D47F651C5D}.Debug|Any CPU.Build.0 = Debug|Any CPU
		{3AAB75C5-4A85-4C2C-B7AB-72D47F651C5D}.Release|Any CPU.ActiveCfg = Release|Any CPU
		{3AAB75C5-4A85-4C2C-B7AB-72D47F651C5D}.Release|Any CPU.Build.0 = Release|Any CPU
	EndGlobalSection
	GlobalSection(SolutionProperties) = preSolution
		HideSolutionNode = FALSE
	EndGlobalSection
	GlobalSection(ExtensibilityGlobals) = postSolution
		SolutionGuid = {3E0BE4FC-2C87-407F-B288-2AA8303F5B91}
	EndGlobalSection
EndGlobal
